
Microsoft Visual Studio Solution File, Format Version 12.00
# Visual Studio Version 17
VisualStudioVersion = 17.8.34330.188
MinimumVisualStudioVersion = 10.0.40219.1
Project("{FAE04EC0-301F-11D3-BF4B-00C04F79EFBC}") = "ASP_MVC", "ASP_MVC\ASP_MVC.csproj", "{1BA090CD-0AE7-49FD-9281-F7FAB9D0EF70}"
EndProject
Global
	GlobalSection(SolutionConfigurationPlatforms) = preSolution
		Debug|Any CPU = Debug|Any CPU
		Release|Any CPU = Release|Any CPU
	EndGlobalSection
	GlobalSection(ProjectConfigurationPlatforms) = postSolution
		{1BA090CD-0AE7-49FD-9281-F7FAB9D0EF70}.Debug|Any CPU.ActiveCfg = Debug|Any CPU
		{1BA090CD-0AE7-49FD-9281-F7FAB9D0EF70}.Debug|Any CPU.Build.0 = Debug|Any CPU
		{1BA090CD-0AE7-49FD-9281-F7FAB9D0EF70}.Release|Any CPU.ActiveCfg = Release|Any CPU
		{1BA090CD-0AE7-49FD-9281-F7FAB9D0EF70}.Release|Any CPU.Build.0 = Release|Any CPU
	EndGlobalSection
	GlobalSection(SolutionProperties) = preSolution
		HideSolutionNode = FALSE
	EndGlobalSection
	GlobalSection(ExtensibilityGlobals) = postSolution
		SolutionGuid = {D5849368-E87D-4420-84A6-380F4FBE2F85}
	EndGlobalSection
EndGlobal
